<?xml version="1.0" encoding="utf-8"?>
<Project ToolsVersion="4.0" xmlns="http://schemas.microsoft.com/developer/msbuild/2003">
  <ItemGroup>
    <Filter Include="Source Files">
      <UniqueIdentifier>{4FC737F1-C7A5-4376-A066-2A32D752A2FF}</UniqueIdentifier>
      <Extensions>cpp;c;cxx;def;odl;idl;hpj;bat;asm;asmx</Extensions>
    </Filter>
    <Filter Include="Source Files\Space">
      <UniqueIdentifier>{f0d8126b-51e8-4b6f-a7a1-b4182c4a7e1c}</UniqueIdentifier>
    </Filter>
    <Filter Include="Source Files\Sim">
      <UniqueIdentifier>{3cb276f4-d11c-4d07-8a71-8bd0401b8e91}</UniqueIdentifier>
    </Filter>
    <Filter Include="Source Files\Sim\Vorton">
      <UniqueIdentifier>{7fa1f186-7578-45c8-a569-adfa702c18ea}</UniqueIdentifier>
    </Filter>
    <Filter Include="Source Files\Sim\RigidBody">
      <UniqueIdentifier>{904f1275-578f-4415-b959-d02f661c030e}</UniqueIdentifier>
    </Filter>
    <Filter Include="Source Files\Render">
      <UniqueIdentifier>{3e27b25e-e5f2-4d98-8e94-ce5b3a00c15d}</UniqueIdentifier>
    </Filter>
    <Filter Include="Source Files\Core">
      <UniqueIdentifier>{0001b8cf-7f67-40bf-9110-ff278f26b3af}</UniqueIdentifier>
    </Filter>
    <Filter Include="Source Files\Core\Math">
      <UniqueIdentifier>{bcc014d5-cf73-4fb8-b5e2-9289e43f9a53}</UniqueIdentifier>
    </Filter>
    <Filter Include="Source Files\Core\Performance">
      <UniqueIdentifier>{8ca83919-d00b-425d-abd3-135bd4e78d00}</UniqueIdentifier>
    </Filter>
  </ItemGroup>
  <ItemGroup>
    <ClCompile Include="inteSiVis.cpp">
      <Filter>Source Files</Filter>
    </ClCompile>
    <ClCompile Include="Space\uniformGridMath.cpp">
      <Filter>Source Files\Space</Filter>
    </ClCompile>
    <ClCompile Include="Sim\fluidBodySim.cpp">
      <Filter>Source Files\Sim</Filter>
    </ClCompile>
    <ClCompile Include="Sim\Vorton\vorticityDistribution.cpp">
      <Filter>Source Files\Sim\Vorton</Filter>
    </ClCompile>
    <ClCompile Include="Sim\Vorton\vortonGrid.cpp">
      <Filter>Source Files\Sim\Vorton</Filter>
    </ClCompile>
    <ClCompile Include="Sim\Vorton\vortonSim.cpp">
      <Filter>Source Files\Sim\Vorton</Filter>
    </ClCompile>
    <ClCompile Include="Sim\RigidBody\rbSphere.cpp">
      <Filter>Source Files\Sim\RigidBody</Filter>
    </ClCompile>
    <ClCompile Include="Sim\RigidBody\rigidBody.cpp">
      <Filter>Source Files\Sim\RigidBody</Filter>
    </ClCompile>
    <ClCompile Include="Render\particleRenderer.cpp">
      <Filter>Source Files\Render</Filter>
    </ClCompile>
    <ClCompile Include="Render\qdCamera.cpp">
      <Filter>Source Files\Render</Filter>
    </ClCompile>
    <ClCompile Include="Render\qdMaterial.cpp">
      <Filter>Source Files\Render</Filter>
    </ClCompile>
  </ItemGroup>
  <ItemGroup>
    <ClInclude Include="inteSiVis.h">
      <Filter>Source Files</Filter>
    </ClInclude>
    <ClInclude Include="useTbb.h">
      <Filter>Source Files</Filter>
    </ClInclude>
    <ClInclude Include="wrapperMacros.h">
      <Filter>Source Files</Filter>
    </ClInclude>
    <ClInclude Include="Space\nestedGrid.h">
      <Filter>Source Files\Space</Filter>
    </ClInclude>
    <ClInclude Include="Space\uniformGrid.h">
      <Filter>Source Files\Space</Filter>
    </ClInclude>
    <ClInclude Include="Space\uniformGridMath.h">
      <Filter>Source Files\Space</Filter>
    </ClInclude>
    <ClInclude Include="Sim\fluidBodySim.h">
      <Filter>Source Files\Sim</Filter>
    </ClInclude>
    <ClInclude Include="Sim\Vorton\particle.h">
      <Filter>Source Files\Sim\Vorton</Filter>
    </ClInclude>
    <ClInclude Include="Sim\Vorton\vorticityDistribution.h">
      <Filter>Source Files\Sim\Vorton</Filter>
    </ClInclude>
    <ClInclude Include="Sim\Vorton\vorton.h">
      <Filter>Source Files\Sim\Vorton</Filter>
    </ClInclude>
    <ClInclude Include="Sim\Vorton\vortonClusterAux.h">
      <Filter>Source Files\Sim\Vorton</Filter>
    </ClInclude>
    <ClInclude Include="Sim\Vorton\vortonGrid.h">
      <Filter>Source Files\Sim\Vorton</Filter>
    </ClInclude>
    <ClInclude Include="Sim\Vorton\vortonSim.h">
      <Filter>Source Files\Sim\Vorton</Filter>
    </ClInclude>
    <ClInclude Include="Sim\RigidBody\rbSphere.h">
      <Filter>Source Files\Sim\RigidBody</Filter>
    </ClInclude>
    <ClInclude Include="Sim\RigidBody\rigidBody.h">
      <Filter>Source Files\Sim\RigidBody</Filter>
    </ClInclude>
    <ClInclude Include="Render\particleRenderer.h">
      <Filter>Source Files\Render</Filter>
    </ClInclude>
    <ClInclude Include="Render\qdCamera.h">
      <Filter>Source Files\Render</Filter>
    </ClInclude>
    <ClInclude Include="Render\qdMaterial.h">
      <Filter>Source Files\Render</Filter>
    </ClInclude>
    <ClInclude Include="Core\Math\mat33.h">
      <Filter>Source Files\Core\Math</Filter>
    </ClInclude>
    <ClInclude Include="Core\Math\mat4.h">
      <Filter>Source Files\Core\Math</Filter>
    </ClInclude>
    <ClInclude Include="Core\Math\math.h">
      <Filter>Source Files\Core\Math</Filter>
    </ClInclude>
    <ClInclude Include="Core\Math\vec3.h">
      <Filter>Source Files\Core\Math</Filter>
    </ClInclude>
    <ClInclude Include="Core\Math\vec4.h">
      <Filter>Source Files\Core\Math</Filter>
    </ClInclude>
    <ClInclude Include="Core\Performance\perf.h">
      <Filter>Source Files\Core\Performance</Filter>
    </ClInclude>
  </ItemGroup>
  <ItemGroup>
    <None Include="VTune\VorteGrid.vpj" />
  </ItemGroup>
</Project>