<?xml version="1.0" encoding="utf-8"?>
<Project ToolsVersion="4.0" xmlns="http://schemas.microsoft.com/developer/msbuild/2003">
  <ItemGroup>
    <Filter Include="Source Files">
      <UniqueIdentifier>{4FC737F1-C7A5-4376-A066-2A32D752A2FF}</UniqueIdentifier>
      <Extensions>cpp;c;cxx;def;odl;idl;hpj;bat;asm;asmx</Extensions>
    </Filter>
    <Filter Include="Source Files\Space">
      <UniqueIdentifier>{9ac8ea9c-22a7-45a0-8bd5-559d3f9dd5fc}</UniqueIdentifier>
    </Filter>
    <Filter Include="Source Files\Sim">
      <UniqueIdentifier>{c530b771-dcc5-4aee-aacf-8ac314337684}</UniqueIdentifier>
    </Filter>
    <Filter Include="Source Files\Sim\Vorton">
      <UniqueIdentifier>{10895a02-efd3-41f3-90c8-ec55cac76a21}</UniqueIdentifier>
    </Filter>
    <Filter Include="Source Files\Sim\RigidBody">
      <UniqueIdentifier>{1afafc00-34b4-4dc5-87c8-9f42dd9aac36}</UniqueIdentifier>
    </Filter>
    <Filter Include="Source Files\Render">
      <UniqueIdentifier>{dad5268b-6d77-45e5-be1f-4ded314b88e0}</UniqueIdentifier>
    </Filter>
    <Filter Include="Source Files\Core">
      <UniqueIdentifier>{2e8e0bd3-ec5d-461e-8bbf-0d789eae39e0}</UniqueIdentifier>
    </Filter>
    <Filter Include="Source Files\Core\Math">
      <UniqueIdentifier>{1e960912-3f85-4367-97b1-c3615c07c1a3}</UniqueIdentifier>
    </Filter>
    <Filter Include="Source Files\Core\Performance">
      <UniqueIdentifier>{65a27d50-4c9f-4256-bd66-720dc25136ab}</UniqueIdentifier>
    </Filter>
  </ItemGroup>
  <ItemGroup>
    <ClCompile Include="inteSiVis.cpp">
      <Filter>Source Files</Filter>
    </ClCompile>
    <ClCompile Include="Space\uniformGridMath.cpp">
      <Filter>Source Files\Space</Filter>
    </ClCompile>
    <ClCompile Include="Sim\fluidBodySim.cpp">
      <Filter>Source Files\Sim</Filter>
    </ClCompile>
    <ClCompile Include="Sim\Vorton\vorticityDistribution.cpp">
      <Filter>Source Files\Sim\Vorton</Filter>
    </ClCompile>
    <ClCompile Include="Sim\Vorton\vortonGrid.cpp">
      <Filter>Source Files\Sim\Vorton</Filter>
    </ClCompile>
    <ClCompile Include="Sim\Vorton\vortonSim.cpp">
      <Filter>Source Files\Sim\Vorton</Filter>
    </ClCompile>
    <ClCompile Include="Sim\RigidBody\rbSphere.cpp">
      <Filter>Source Files\Sim\RigidBody</Filter>
    </ClCompile>
    <ClCompile Include="Sim\RigidBody\rigidBody.cpp">
      <Filter>Source Files\Sim\RigidBody</Filter>
    </ClCompile>
    <ClCompile Include="Render\particleRenderer.cpp">
      <Filter>Source Files\Render</Filter>
    </ClCompile>
    <ClCompile Include="Render\qdCamera.cpp">
      <Filter>Source Files\Render</Filter>
    </ClCompile>
    <ClCompile Include="Render\qdMaterial.cpp">
      <Filter>Source Files\Render</Filter>
    </ClCompile>
  </ItemGroup>
  <ItemGroup>
    <ClInclude Include="inteSiVis.h">
      <Filter>Source Files</Filter>
    </ClInclude>
    <ClInclude Include="useTbb.h">
      <Filter>Source Files</Filter>
    </ClInclude>
    <ClInclude Include="wrapperMacros.h">
      <Filter>Source Files</Filter>
    </ClInclude>
    <ClInclude Include="Space\nestedGrid.h">
      <Filter>Source Files\Space</Filter>
    </ClInclude>
    <ClInclude Include="Space\uniformGrid.h">
      <Filter>Source Files\Space</Filter>
    </ClInclude>
    <ClInclude Include="Space\uniformGridMath.h">
      <Filter>Source Files\Space</Filter>
    </ClInclude>
    <ClInclude Include="Sim\fluidBodySim.h">
      <Filter>Source Files\Sim</Filter>
    </ClInclude>
    <ClInclude Include="Sim\Vorton\particle.h">
      <Filter>Source Files\Sim\Vorton</Filter>
    </ClInclude>
    <ClInclude Include="Sim\Vorton\vorticityDistribution.h">
      <Filter>Source Files\Sim\Vorton</Filter>
    </ClInclude>
    <ClInclude Include="Sim\Vorton\vorton.h">
      <Filter>Source Files\Sim\Vorton</Filter>
    </ClInclude>
    <ClInclude Include="Sim\Vorton\vortonClusterAux.h">
      <Filter>Source Files\Sim\Vorton</Filter>
    </ClInclude>
    <ClInclude Include="Sim\Vorton\vortonGrid.h">
      <Filter>Source Files\Sim\Vorton</Filter>
    </ClInclude>
    <ClInclude Include="Sim\Vorton\vortonSim.h">
      <Filter>Source Files\Sim\Vorton</Filter>
    </ClInclude>
    <ClInclude Include="Sim\RigidBody\rbSphere.h">
      <Filter>Source Files\Sim\RigidBody</Filter>
    </ClInclude>
    <ClInclude Include="Sim\RigidBody\rigidBody.h">
      <Filter>Source Files\Sim\RigidBody</Filter>
    </ClInclude>
    <ClInclude Include="Render\particleRenderer.h">
      <Filter>Source Files\Render</Filter>
    </ClInclude>
    <ClInclude Include="Render\qdCamera.h">
      <Filter>Source Files\Render</Filter>
    </ClInclude>
    <ClInclude Include="Render\qdMaterial.h">
      <Filter>Source Files\Render</Filter>
    </ClInclude>
    <ClInclude Include="Core\Math\mat33.h">
      <Filter>Source Files\Core\Math</Filter>
    </ClInclude>
    <ClInclude Include="Core\Math\mat4.h">
      <Filter>Source Files\Core\Math</Filter>
    </ClInclude>
    <ClInclude Include="Core\Math\math.h">
      <Filter>Source Files\Core\Math</Filter>
    </ClInclude>
    <ClInclude Include="Core\Math\vec3.h">
      <Filter>Source Files\Core\Math</Filter>
    </ClInclude>
    <ClInclude Include="Core\Math\vec4.h">
      <Filter>Source Files\Core\Math</Filter>
    </ClInclude>
    <ClInclude Include="Core\Performance\perf.h">
      <Filter>Source Files\Core\Performance</Filter>
    </ClInclude>
  </ItemGroup>
  <ItemGroup>
    <None Include="VTune\VorteGrid.vpj" />
  </ItemGroup>
</Project>